
Microsoft Visual Studio Solution File, Format Version 12.00
# Visual Studio Version 17
VisualStudioVersion = 17.13.35828.75 d17.13
MinimumVisualStudioVersion = 10.0.40219.1
Project("{FAE04EC0-301F-11D3-BF4B-00C04F79EFBC}") = "forgithub", "forgithub\forgithub.csproj", "{0F1B5CFF-7FF4-4904-8EE9-E54CAB61CE34}"
EndProject
Global
	GlobalSection(SolutionConfigurationPlatforms) = preSolution
		Debug|Any CPU = Debug|Any CPU
		Release|Any CPU = Release|Any CPU
	EndGlobalSection
	GlobalSection(ProjectConfigurationPlatforms) = postSolution
		{0F1B5CFF-7FF4-4904-8EE9-E54CAB61CE34}.Debug|Any CPU.ActiveCfg = Debug|Any CPU
		{0F1B5CFF-7FF4-4904-8EE9-E54CAB61CE34}.Debug|Any CPU.Build.0 = Debug|Any CPU
		{0F1B5CFF-7FF4-4904-8EE9-E54CAB61CE34}.Release|Any CPU.ActiveCfg = Release|Any CPU
		{0F1B5CFF-7FF4-4904-8EE9-E54CAB61CE34}.Release|Any CPU.Build.0 = Release|Any CPU
	EndGlobalSection
	GlobalSection(SolutionProperties) = preSolution
		HideSolutionNode = FALSE
	EndGlobalSection
	GlobalSection(ExtensibilityGlobals) = postSolution
		SolutionGuid = {68FC179A-A053-4B24-934D-B716823DCA26}
	EndGlobalSection
EndGlobal
